
Microsoft Visual Studio Solution File, Format Version 11.00
# Visual Studio 2010
Project("{FAE04EC0-301F-11D3-BF4B-00C04F79EFBC}") = "StarMiner", "Assembly-CSharp.csproj", "{489DC6C3-FDF9-2F0B-DD46-8D905436CC42}"
EndProject
Project("{FAE04EC0-301F-11D3-BF4B-00C04F79EFBC}") = "StarMiner", "Assembly-CSharp-firstpass.csproj", "{BC0FD9EE-0B22-DFBE-A20B-C5B5902116F7}"
EndProject
Project("{FAE04EC0-301F-11D3-BF4B-00C04F79EFBC}") = "StarMiner", "Assembly-CSharp-Editor-firstpass.csproj", "{CC06C7F3-E665-E404-97A3-7D0C791C05A9}"
EndProject
Global
	GlobalSection(SolutionConfigurationPlatforms) = preSolution
		Debug|Any CPU = Debug|Any CPU
		Release|Any CPU = Release|Any CPU
	EndGlobalSection
	GlobalSection(ProjectConfigurationPlatforms) = postSolution
		{489DC6C3-FDF9-2F0B-DD46-8D905436CC42}.Debug|Any CPU.ActiveCfg = Debug|Any CPU
		{489DC6C3-FDF9-2F0B-DD46-8D905436CC42}.Debug|Any CPU.Build.0 = Debug|Any CPU
		{489DC6C3-FDF9-2F0B-DD46-8D905436CC42}.Release|Any CPU.ActiveCfg = Release|Any CPU
		{489DC6C3-FDF9-2F0B-DD46-8D905436CC42}.Release|Any CPU.Build.0 = Release|Any CPU
		{BC0FD9EE-0B22-DFBE-A20B-C5B5902116F7}.Debug|Any CPU.ActiveCfg = Debug|Any CPU
		{BC0FD9EE-0B22-DFBE-A20B-C5B5902116F7}.Debug|Any CPU.Build.0 = Debug|Any CPU
		{BC0FD9EE-0B22-DFBE-A20B-C5B5902116F7}.Release|Any CPU.ActiveCfg = Release|Any CPU
		{BC0FD9EE-0B22-DFBE-A20B-C5B5902116F7}.Release|Any CPU.Build.0 = Release|Any CPU
		{CC06C7F3-E665-E404-97A3-7D0C791C05A9}.Debug|Any CPU.ActiveCfg = Debug|Any CPU
		{CC06C7F3-E665-E404-97A3-7D0C791C05A9}.Debug|Any CPU.Build.0 = Debug|Any CPU
		{CC06C7F3-E665-E404-97A3-7D0C791C05A9}.Release|Any CPU.ActiveCfg = Release|Any CPU
		{CC06C7F3-E665-E404-97A3-7D0C791C05A9}.Release|Any CPU.Build.0 = Release|Any CPU
	EndGlobalSection
	GlobalSection(SolutionProperties) = preSolution
		HideSolutionNode = FALSE
	EndGlobalSection
	GlobalSection(MonoDevelopProperties) = preSolution
		StartupItem = Assembly-CSharp.csproj
	EndGlobalSection
EndGlobal
